
Microsoft Visual Studio Solution File, Format Version 12.00
# Visual Studio Version 16
VisualStudioVersion = 16.0.31702.278
MinimumVisualStudioVersion = 10.0.40219.1
Project("{FAE04EC0-301F-11D3-BF4B-00C04F79EFBC}") = "Craps", "Craps\Craps.csproj", "{DEDB28F7-8BC3-49B3-950E-DC4989910203}"
EndProject
Global
	GlobalSection(SolutionConfigurationPlatforms) = preSolution
		Debug|Any CPU = Debug|Any CPU
		Release|Any CPU = Release|Any CPU
	EndGlobalSection
	GlobalSection(ProjectConfigurationPlatforms) = postSolution
		{DEDB28F7-8BC3-49B3-950E-DC4989910203}.Debug|Any CPU.ActiveCfg = Debug|Any CPU
		{DEDB28F7-8BC3-49B3-950E-DC4989910203}.Debug|Any CPU.Build.0 = Debug|Any CPU
		{DEDB28F7-8BC3-49B3-950E-DC4989910203}.Release|Any CPU.ActiveCfg = Release|Any CPU
		{DEDB28F7-8BC3-49B3-950E-DC4989910203}.Release|Any CPU.Build.0 = Release|Any CPU
	EndGlobalSection
	GlobalSection(SolutionProperties) = preSolution
		HideSolutionNode = FALSE
	EndGlobalSection
	GlobalSection(ExtensibilityGlobals) = postSolution
		SolutionGuid = {3707D8F1-3894-45C1-BDE4-EAE2C5DD42F8}
	EndGlobalSection
EndGlobal
